
Microsoft Visual Studio Solution File, Format Version 12.00
# Visual Studio Version 16
VisualStudioVersion = 16.0.28729.10
MinimumVisualStudioVersion = 10.0.40219.1
Project("{FAE04EC0-301F-11D3-BF4B-00C04F79EFBC}") = "learnenglish.Android", "learnenglish\learnenglish.Android\learnenglish.Android.csproj", "{F7BE5C26-9089-4906-9E05-A77C5A35D060}"
EndProject
Project("{9A19103F-16F7-4668-BE54-9A1E7A4F7556}") = "learnenglish", "learnenglish\learnenglish\learnenglish.csproj", "{A199AEAB-6999-4C50-910A-1DF098AEDFC2}"
EndProject
Global
	GlobalSection(SolutionConfigurationPlatforms) = preSolution
		Debug|Any CPU = Debug|Any CPU
		Debug|iPhone = Debug|iPhone
		Debug|iPhoneSimulator = Debug|iPhoneSimulator
		Release|Any CPU = Release|Any CPU
		Release|iPhone = Release|iPhone
		Release|iPhoneSimulator = Release|iPhoneSimulator
	EndGlobalSection
	GlobalSection(ProjectConfigurationPlatforms) = postSolution
		{F7BE5C26-9089-4906-9E05-A77C5A35D060}.Debug|Any CPU.ActiveCfg = Debug|Any CPU
		{F7BE5C26-9089-4906-9E05-A77C5A35D060}.Debug|Any CPU.Build.0 = Debug|Any CPU
		{F7BE5C26-9089-4906-9E05-A77C5A35D060}.Debug|Any CPU.Deploy.0 = Debug|Any CPU
		{F7BE5C26-9089-4906-9E05-A77C5A35D060}.Debug|iPhone.ActiveCfg = Debug|Any CPU
		{F7BE5C26-9089-4906-9E05-A77C5A35D060}.Debug|iPhone.Build.0 = Debug|Any CPU
		{F7BE5C26-9089-4906-9E05-A77C5A35D060}.Debug|iPhone.Deploy.0 = Debug|Any CPU
		{F7BE5C26-9089-4906-9E05-A77C5A35D060}.Debug|iPhoneSimulator.ActiveCfg = Debug|Any CPU
		{F7BE5C26-9089-4906-9E05-A77C5A35D060}.Debug|iPhoneSimulator.Build.0 = Debug|Any CPU
		{F7BE5C26-9089-4906-9E05-A77C5A35D060}.Debug|iPhoneSimulator.Deploy.0 = Debug|Any CPU
		{F7BE5C26-9089-4906-9E05-A77C5A35D060}.Release|Any CPU.ActiveCfg = Release|Any CPU
		{F7BE5C26-9089-4906-9E05-A77C5A35D060}.Release|Any CPU.Build.0 = Release|Any CPU
		{F7BE5C26-9089-4906-9E05-A77C5A35D060}.Release|Any CPU.Deploy.0 = Release|Any CPU
		{F7BE5C26-9089-4906-9E05-A77C5A35D060}.Release|iPhone.ActiveCfg = Release|Any CPU
		{F7BE5C26-9089-4906-9E05-A77C5A35D060}.Release|iPhone.Build.0 = Release|Any CPU
		{F7BE5C26-9089-4906-9E05-A77C5A35D060}.Release|iPhone.Deploy.0 = Release|Any CPU
		{F7BE5C26-9089-4906-9E05-A77C5A35D060}.Release|iPhoneSimulator.ActiveCfg = Release|Any CPU
		{F7BE5C26-9089-4906-9E05-A77C5A35D060}.Release|iPhoneSimulator.Build.0 = Release|Any CPU
		{F7BE5C26-9089-4906-9E05-A77C5A35D060}.Release|iPhoneSimulator.Deploy.0 = Release|Any CPU
		{A199AEAB-6999-4C50-910A-1DF098AEDFC2}.Debug|Any CPU.ActiveCfg = Debug|Any CPU
		{A199AEAB-6999-4C50-910A-1DF098AEDFC2}.Debug|Any CPU.Build.0 = Debug|Any CPU
		{A199AEAB-6999-4C50-910A-1DF098AEDFC2}.Debug|Any CPU.Deploy.0 = Debug|Any CPU
		{A199AEAB-6999-4C50-910A-1DF098AEDFC2}.Debug|iPhone.ActiveCfg = Debug|Any CPU
		{A199AEAB-6999-4C50-910A-1DF098AEDFC2}.Debug|iPhone.Build.0 = Debug|Any CPU
		{A199AEAB-6999-4C50-910A-1DF098AEDFC2}.Debug|iPhone.Deploy.0 = Debug|Any CPU
		{A199AEAB-6999-4C50-910A-1DF098AEDFC2}.Debug|iPhoneSimulator.ActiveCfg = Debug|Any CPU
		{A199AEAB-6999-4C50-910A-1DF098AEDFC2}.Debug|iPhoneSimulator.Build.0 = Debug|Any CPU
		{A199AEAB-6999-4C50-910A-1DF098AEDFC2}.Debug|iPhoneSimulator.Deploy.0 = Debug|Any CPU
		{A199AEAB-6999-4C50-910A-1DF098AEDFC2}.Release|Any CPU.ActiveCfg = Release|Any CPU
		{A199AEAB-6999-4C50-910A-1DF098AEDFC2}.Release|Any CPU.Build.0 = Release|Any CPU
		{A199AEAB-6999-4C50-910A-1DF098AEDFC2}.Release|Any CPU.Deploy.0 = Release|Any CPU
		{A199AEAB-6999-4C50-910A-1DF098AEDFC2}.Release|iPhone.ActiveCfg = Release|Any CPU
		{A199AEAB-6999-4C50-910A-1DF098AEDFC2}.Release|iPhone.Build.0 = Release|Any CPU
		{A199AEAB-6999-4C50-910A-1DF098AEDFC2}.Release|iPhone.Deploy.0 = Release|Any CPU
		{A199AEAB-6999-4C50-910A-1DF098AEDFC2}.Release|iPhoneSimulator.ActiveCfg = Release|Any CPU
		{A199AEAB-6999-4C50-910A-1DF098AEDFC2}.Release|iPhoneSimulator.Build.0 = Release|Any CPU
		{A199AEAB-6999-4C50-910A-1DF098AEDFC2}.Release|iPhoneSimulator.Deploy.0 = Release|Any CPU
	EndGlobalSection
	GlobalSection(SolutionProperties) = preSolution
		HideSolutionNode = FALSE
	EndGlobalSection
	GlobalSection(ExtensibilityGlobals) = postSolution
		SolutionGuid = {16C56FA7-89A4-400B-9D82-771E7E354C8A}
	EndGlobalSection
EndGlobal
